
Microsoft Visual Studio Solution File, Format Version 12.00
# Visual Studio Version 16
VisualStudioVersion = 16.0.31313.79
MinimumVisualStudioVersion = 10.0.40219.1
Project("{FAE04EC0-301F-11D3-BF4B-00C04F79EFBC}") = "SessionAndStateMangement", "SessionAndStateMangement\SessionAndStateMangement.csproj", "{DBBC912E-7DD9-413B-A4E1-A56E2ABF3FDB}"
EndProject
Global
	GlobalSection(SolutionConfigurationPlatforms) = preSolution
		Debug|Any CPU = Debug|Any CPU
		Release|Any CPU = Release|Any CPU
	EndGlobalSection
	GlobalSection(ProjectConfigurationPlatforms) = postSolution
		{DBBC912E-7DD9-413B-A4E1-A56E2ABF3FDB}.Debug|Any CPU.ActiveCfg = Debug|Any CPU
		{DBBC912E-7DD9-413B-A4E1-A56E2ABF3FDB}.Debug|Any CPU.Build.0 = Debug|Any CPU
		{DBBC912E-7DD9-413B-A4E1-A56E2ABF3FDB}.Release|Any CPU.ActiveCfg = Release|Any CPU
		{DBBC912E-7DD9-413B-A4E1-A56E2ABF3FDB}.Release|Any CPU.Build.0 = Release|Any CPU
	EndGlobalSection
	GlobalSection(SolutionProperties) = preSolution
		HideSolutionNode = FALSE
	EndGlobalSection
	GlobalSection(ExtensibilityGlobals) = postSolution
		SolutionGuid = {CD3462A8-C5C2-4AF0-9305-943221878D13}
	EndGlobalSection
EndGlobal
